
Microsoft Visual Studio Solution File, Format Version 12.00
# Visual Studio Version 17
VisualStudioVersion = 17.14.36616.10 d17.14
MinimumVisualStudioVersion = 10.0.40219.1
Project("{FAE04EC0-301F-11D3-BF4B-00C04F79EFBC}") = "OefeningScheepvaart", "OpdrachtRederij\OefeningScheepvaart.csproj", "{29FA9E5F-BCE7-4ABA-B398-946F12B63415}"
EndProject
Global
	GlobalSection(SolutionConfigurationPlatforms) = preSolution
		Debug|Any CPU = Debug|Any CPU
		Release|Any CPU = Release|Any CPU
	EndGlobalSection
	GlobalSection(ProjectConfigurationPlatforms) = postSolution
		{29FA9E5F-BCE7-4ABA-B398-946F12B63415}.Debug|Any CPU.ActiveCfg = Debug|Any CPU
		{29FA9E5F-BCE7-4ABA-B398-946F12B63415}.Debug|Any CPU.Build.0 = Debug|Any CPU
		{29FA9E5F-BCE7-4ABA-B398-946F12B63415}.Release|Any CPU.ActiveCfg = Release|Any CPU
		{29FA9E5F-BCE7-4ABA-B398-946F12B63415}.Release|Any CPU.Build.0 = Release|Any CPU
	EndGlobalSection
	GlobalSection(SolutionProperties) = preSolution
		HideSolutionNode = FALSE
	EndGlobalSection
	GlobalSection(ExtensibilityGlobals) = postSolution
		SolutionGuid = {AB4BD85A-85EA-4513-B10D-70E1954157B9}
	EndGlobalSection
EndGlobal
